
Microsoft Visual Studio Solution File, Format Version 12.00
# Visual Studio Version 17
VisualStudioVersion = 17.13.35806.99
MinimumVisualStudioVersion = 10.0.40219.1
Project("{FAE04EC0-301F-11D3-BF4B-00C04F79EFBC}") = "WebAPICRUDOperations", "WebAPICRUDOperations\WebAPICRUDOperations.csproj", "{C92BF817-D5E3-4601-A072-4ACABD33EB66}"
EndProject
Project("{FAE04EC0-301F-11D3-BF4B-00C04F79EFBC}") = "BusinessLogicLayer", "BusinessLogicLayer\BusinessLogicLayer.csproj", "{1954BF60-8094-4D8E-8779-8EEE9B6AB009}"
EndProject
Project("{FAE04EC0-301F-11D3-BF4B-00C04F79EFBC}") = "DataAccessLayer", "DataAccessLayer\DataAccessLayer.csproj", "{DA9821E3-A86C-4059-B678-9D2812B70A49}"
EndProject
Global
	GlobalSection(SolutionConfigurationPlatforms) = preSolution
		Debug|Any CPU = Debug|Any CPU
		Release|Any CPU = Release|Any CPU
	EndGlobalSection
	GlobalSection(ProjectConfigurationPlatforms) = postSolution
		{C92BF817-D5E3-4601-A072-4ACABD33EB66}.Debug|Any CPU.ActiveCfg = Debug|Any CPU
		{C92BF817-D5E3-4601-A072-4ACABD33EB66}.Debug|Any CPU.Build.0 = Debug|Any CPU
		{C92BF817-D5E3-4601-A072-4ACABD33EB66}.Release|Any CPU.ActiveCfg = Release|Any CPU
		{C92BF817-D5E3-4601-A072-4ACABD33EB66}.Release|Any CPU.Build.0 = Release|Any CPU
		{1954BF60-8094-4D8E-8779-8EEE9B6AB009}.Debug|Any CPU.ActiveCfg = Debug|Any CPU
		{1954BF60-8094-4D8E-8779-8EEE9B6AB009}.Debug|Any CPU.Build.0 = Debug|Any CPU
		{1954BF60-8094-4D8E-8779-8EEE9B6AB009}.Release|Any CPU.ActiveCfg = Release|Any CPU
		{1954BF60-8094-4D8E-8779-8EEE9B6AB009}.Release|Any CPU.Build.0 = Release|Any CPU
		{DA9821E3-A86C-4059-B678-9D2812B70A49}.Debug|Any CPU.ActiveCfg = Debug|Any CPU
		{DA9821E3-A86C-4059-B678-9D2812B70A49}.Debug|Any CPU.Build.0 = Debug|Any CPU
		{DA9821E3-A86C-4059-B678-9D2812B70A49}.Release|Any CPU.ActiveCfg = Release|Any CPU
		{DA9821E3-A86C-4059-B678-9D2812B70A49}.Release|Any CPU.Build.0 = Release|Any CPU
	EndGlobalSection
	GlobalSection(SolutionProperties) = preSolution
		HideSolutionNode = FALSE
	EndGlobalSection
	GlobalSection(ExtensibilityGlobals) = postSolution
		SolutionGuid = {69F6B9BF-ADE8-49F5-90D4-2D9C311CF0D1}
	EndGlobalSection
EndGlobal
